
Microsoft Visual Studio Solution File, Format Version 12.00
# Visual Studio Version 17
VisualStudioVersion = 17.2.32602.215
MinimumVisualStudioVersion = 10.0.40219.1
Project("{FAE04EC0-301F-11D3-BF4B-00C04F79EFBC}") = "Game15", "Game15\Game15.csproj", "{74E699BE-0D55-4E09-BCE1-B8C8CCE894BC}"
EndProject
Global
	GlobalSection(SolutionConfigurationPlatforms) = preSolution
		Debug|Any CPU = Debug|Any CPU
		Release|Any CPU = Release|Any CPU
	EndGlobalSection
	GlobalSection(ProjectConfigurationPlatforms) = postSolution
		{74E699BE-0D55-4E09-BCE1-B8C8CCE894BC}.Debug|Any CPU.ActiveCfg = Debug|Any CPU
		{74E699BE-0D55-4E09-BCE1-B8C8CCE894BC}.Debug|Any CPU.Build.0 = Debug|Any CPU
		{74E699BE-0D55-4E09-BCE1-B8C8CCE894BC}.Release|Any CPU.ActiveCfg = Release|Any CPU
		{74E699BE-0D55-4E09-BCE1-B8C8CCE894BC}.Release|Any CPU.Build.0 = Release|Any CPU
	EndGlobalSection
	GlobalSection(SolutionProperties) = preSolution
		HideSolutionNode = FALSE
	EndGlobalSection
	GlobalSection(ExtensibilityGlobals) = postSolution
		SolutionGuid = {A22E3645-0573-4E3E-8543-2748DE0C55E8}
	EndGlobalSection
EndGlobal
